
Microsoft Visual Studio Solution File, Format Version 12.00
# Visual Studio Version 17
VisualStudioVersion = 17.11.35312.102
MinimumVisualStudioVersion = 10.0.40219.1
Project("{9A19103F-16F7-4668-BE54-9A1E7A4F7556}") = "SuperClass", "SuperClass.csproj", "{1A8CCDE2-D281-4997-97F9-39B2996CC997}"
EndProject
Project("{FAE04EC0-301F-11D3-BF4B-00C04F79EFBC}") = "DLL", "..\DLL\DLL.csproj", "{AB720739-872F-4ACF-B7E6-16C0D1F7F1C2}"
EndProject
Global
	GlobalSection(SolutionConfigurationPlatforms) = preSolution
		Debug|Any CPU = Debug|Any CPU
		Release|Any CPU = Release|Any CPU
	EndGlobalSection
	GlobalSection(ProjectConfigurationPlatforms) = postSolution
		{1A8CCDE2-D281-4997-97F9-39B2996CC997}.Debug|Any CPU.ActiveCfg = Debug|Any CPU
		{1A8CCDE2-D281-4997-97F9-39B2996CC997}.Debug|Any CPU.Build.0 = Debug|Any CPU
		{1A8CCDE2-D281-4997-97F9-39B2996CC997}.Release|Any CPU.ActiveCfg = Release|Any CPU
		{1A8CCDE2-D281-4997-97F9-39B2996CC997}.Release|Any CPU.Build.0 = Release|Any CPU
		{AB720739-872F-4ACF-B7E6-16C0D1F7F1C2}.Debug|Any CPU.ActiveCfg = Debug|Any CPU
		{AB720739-872F-4ACF-B7E6-16C0D1F7F1C2}.Debug|Any CPU.Build.0 = Debug|Any CPU
		{AB720739-872F-4ACF-B7E6-16C0D1F7F1C2}.Release|Any CPU.ActiveCfg = Release|Any CPU
		{AB720739-872F-4ACF-B7E6-16C0D1F7F1C2}.Release|Any CPU.Build.0 = Release|Any CPU
	EndGlobalSection
	GlobalSection(SolutionProperties) = preSolution
		HideSolutionNode = FALSE
	EndGlobalSection
	GlobalSection(ExtensibilityGlobals) = postSolution
		SolutionGuid = {FA08902F-A8AE-4942-A70D-62851677E55C}
	EndGlobalSection
EndGlobal
