
Microsoft Visual Studio Solution File, Format Version 12.00
# Visual Studio Version 17
VisualStudioVersion = 17.11.35312.102
MinimumVisualStudioVersion = 10.0.40219.1
Project("{FAE04EC0-301F-11D3-BF4B-00C04F79EFBC}") = "ExDLL", "ExDLL.csproj", "{08E04959-74E3-4C04-8621-A49621593C4C}"
EndProject
Global
	GlobalSection(SolutionConfigurationPlatforms) = preSolution
		Debug|Any CPU = Debug|Any CPU
		Release|Any CPU = Release|Any CPU
	EndGlobalSection
	GlobalSection(ProjectConfigurationPlatforms) = postSolution
		{08E04959-74E3-4C04-8621-A49621593C4C}.Debug|Any CPU.ActiveCfg = Debug|Any CPU
		{08E04959-74E3-4C04-8621-A49621593C4C}.Debug|Any CPU.Build.0 = Debug|Any CPU
		{08E04959-74E3-4C04-8621-A49621593C4C}.Release|Any CPU.ActiveCfg = Release|Any CPU
		{08E04959-74E3-4C04-8621-A49621593C4C}.Release|Any CPU.Build.0 = Release|Any CPU
	EndGlobalSection
	GlobalSection(SolutionProperties) = preSolution
		HideSolutionNode = FALSE
	EndGlobalSection
	GlobalSection(ExtensibilityGlobals) = postSolution
		SolutionGuid = {11D0CA4A-931C-40F3-9218-CF79743902F6}
	EndGlobalSection
EndGlobal
